
Microsoft Visual Studio Solution File, Format Version 12.00
# Visual Studio Version 16
VisualStudioVersion = 16.0.30320.27
MinimumVisualStudioVersion = 10.0.40219.1
Project("{888888A0-9F3D-457C-B088-3A5042F75D52}") = "FallingBallServer", "FallingBallServer\FallingBallServer.pyproj", "{89DB027C-C5A0-42EC-86D2-CC520B53ECB4}"
EndProject
Project("{FAE04EC0-301F-11D3-BF4B-00C04F79EFBC}") = "DataExchangeClient", "DataExchangeClient\DataExchangeClient.csproj", "{A4CD715F-1E76-47BD-8DB0-39F009DECA34}"
EndProject
Global
	GlobalSection(SolutionConfigurationPlatforms) = preSolution
		Debug|Any CPU = Debug|Any CPU
		Release|Any CPU = Release|Any CPU
	EndGlobalSection
	GlobalSection(ProjectConfigurationPlatforms) = postSolution
		{89DB027C-C5A0-42EC-86D2-CC520B53ECB4}.Debug|Any CPU.ActiveCfg = Debug|Any CPU
		{89DB027C-C5A0-42EC-86D2-CC520B53ECB4}.Release|Any CPU.ActiveCfg = Release|Any CPU
		{A4CD715F-1E76-47BD-8DB0-39F009DECA34}.Debug|Any CPU.ActiveCfg = Debug|Any CPU
		{A4CD715F-1E76-47BD-8DB0-39F009DECA34}.Debug|Any CPU.Build.0 = Debug|Any CPU
		{A4CD715F-1E76-47BD-8DB0-39F009DECA34}.Release|Any CPU.ActiveCfg = Release|Any CPU
		{A4CD715F-1E76-47BD-8DB0-39F009DECA34}.Release|Any CPU.Build.0 = Release|Any CPU
	EndGlobalSection
	GlobalSection(SolutionProperties) = preSolution
		HideSolutionNode = FALSE
	EndGlobalSection
	GlobalSection(ExtensibilityGlobals) = postSolution
		SolutionGuid = {EF6A83DD-9758-49A3-9BE1-75B8BF1C2B74}
	EndGlobalSection
EndGlobal
